
Microsoft Visual Studio Solution File, Format Version 12.00
# Visual Studio 15
VisualStudioVersion = 15.0.28010.2050
MinimumVisualStudioVersion = 10.0.40219.1
Project("{8BC9CEB8-8B4A-11D0-8D11-00A0C91BC942}") = "DriverDemo", "DriverDemo\DriverDemo.vcxproj", "{08F54FA2-9CFD-46B6-9D0C-5C94784E7B77}"
EndProject
Project("{8BC9CEB8-8B4A-11D0-8D11-00A0C91BC942}") = "AppDemo", "AppDemo\AppDemo.vcxproj", "{013724B6-D914-4390-AAAA-9F2D261FD07B}"
EndProject
Project("{8BC9CEB8-8B4A-11D0-8D11-00A0C91BC942}") = "WdmRamDisk", "WdmRamDisk\WdmRamDisk.vcxproj", "{A5A1AECE-5AA3-4041-9B98-01D4E61D5709}"
EndProject
Project("{8BC9CEB8-8B4A-11D0-8D11-00A0C91BC942}") = "WdfRamDisk", "WdfRamDisk\WdfRamDisk.vcxproj", "{E271B2AF-2C3B-4146-94CC-0CF6ED2108E6}"
EndProject
Global
	GlobalSection(SolutionConfigurationPlatforms) = preSolution
		Debug|ARM = Debug|ARM
		Debug|ARM64 = Debug|ARM64
		Debug|x64 = Debug|x64
		Debug|x86 = Debug|x86
		Release|ARM = Release|ARM
		Release|ARM64 = Release|ARM64
		Release|x64 = Release|x64
		Release|x86 = Release|x86
	EndGlobalSection
	GlobalSection(ProjectConfigurationPlatforms) = postSolution
		{08F54FA2-9CFD-46B6-9D0C-5C94784E7B77}.Debug|ARM.ActiveCfg = Debug|ARM
		{08F54FA2-9CFD-46B6-9D0C-5C94784E7B77}.Debug|ARM.Build.0 = Debug|ARM
		{08F54FA2-9CFD-46B6-9D0C-5C94784E7B77}.Debug|ARM.Deploy.0 = Debug|ARM
		{08F54FA2-9CFD-46B6-9D0C-5C94784E7B77}.Debug|ARM64.ActiveCfg = Debug|ARM64
		{08F54FA2-9CFD-46B6-9D0C-5C94784E7B77}.Debug|ARM64.Build.0 = Debug|ARM64
		{08F54FA2-9CFD-46B6-9D0C-5C94784E7B77}.Debug|ARM64.Deploy.0 = Debug|ARM64
		{08F54FA2-9CFD-46B6-9D0C-5C94784E7B77}.Debug|x64.ActiveCfg = Debug|x64
		{08F54FA2-9CFD-46B6-9D0C-5C94784E7B77}.Debug|x64.Build.0 = Debug|x64
		{08F54FA2-9CFD-46B6-9D0C-5C94784E7B77}.Debug|x64.Deploy.0 = Debug|x64
		{08F54FA2-9CFD-46B6-9D0C-5C94784E7B77}.Debug|x86.ActiveCfg = Debug|Win32
		{08F54FA2-9CFD-46B6-9D0C-5C94784E7B77}.Debug|x86.Build.0 = Debug|Win32
		{08F54FA2-9CFD-46B6-9D0C-5C94784E7B77}.Debug|x86.Deploy.0 = Debug|Win32
		{08F54FA2-9CFD-46B6-9D0C-5C94784E7B77}.Release|ARM.ActiveCfg = Release|ARM
		{08F54FA2-9CFD-46B6-9D0C-5C94784E7B77}.Release|ARM.Build.0 = Release|ARM
		{08F54FA2-9CFD-46B6-9D0C-5C94784E7B77}.Release|ARM.Deploy.0 = Release|ARM
		{08F54FA2-9CFD-46B6-9D0C-5C94784E7B77}.Release|ARM64.ActiveCfg = Release|ARM64
		{08F54FA2-9CFD-46B6-9D0C-5C94784E7B77}.Release|ARM64.Build.0 = Release|ARM64
		{08F54FA2-9CFD-46B6-9D0C-5C94784E7B77}.Release|ARM64.Deploy.0 = Release|ARM64
		{08F54FA2-9CFD-46B6-9D0C-5C94784E7B77}.Release|x64.ActiveCfg = Release|x64
		{08F54FA2-9CFD-46B6-9D0C-5C94784E7B77}.Release|x64.Build.0 = Release|x64
		{08F54FA2-9CFD-46B6-9D0C-5C94784E7B77}.Release|x64.Deploy.0 = Release|x64
		{08F54FA2-9CFD-46B6-9D0C-5C94784E7B77}.Release|x86.ActiveCfg = Release|Win32
		{08F54FA2-9CFD-46B6-9D0C-5C94784E7B77}.Release|x86.Build.0 = Release|Win32
		{08F54FA2-9CFD-46B6-9D0C-5C94784E7B77}.Release|x86.Deploy.0 = Release|Win32
		{013724B6-D914-4390-AAAA-9F2D261FD07B}.Debug|ARM.ActiveCfg = Debug|Win32
		{013724B6-D914-4390-AAAA-9F2D261FD07B}.Debug|ARM64.ActiveCfg = Debug|Win32
		{013724B6-D914-4390-AAAA-9F2D261FD07B}.Debug|x64.ActiveCfg = Debug|x64
		{013724B6-D914-4390-AAAA-9F2D261FD07B}.Debug|x64.Build.0 = Debug|x64
		{013724B6-D914-4390-AAAA-9F2D261FD07B}.Debug|x86.ActiveCfg = Debug|Win32
		{013724B6-D914-4390-AAAA-9F2D261FD07B}.Debug|x86.Build.0 = Debug|Win32
		{013724B6-D914-4390-AAAA-9F2D261FD07B}.Release|ARM.ActiveCfg = Release|Win32
		{013724B6-D914-4390-AAAA-9F2D261FD07B}.Release|ARM64.ActiveCfg = Release|Win32
		{013724B6-D914-4390-AAAA-9F2D261FD07B}.Release|x64.ActiveCfg = Release|x64
		{013724B6-D914-4390-AAAA-9F2D261FD07B}.Release|x64.Build.0 = Release|x64
		{013724B6-D914-4390-AAAA-9F2D261FD07B}.Release|x86.ActiveCfg = Release|Win32
		{013724B6-D914-4390-AAAA-9F2D261FD07B}.Release|x86.Build.0 = Release|Win32
		{A5A1AECE-5AA3-4041-9B98-01D4E61D5709}.Debug|ARM.ActiveCfg = Debug|ARM
		{A5A1AECE-5AA3-4041-9B98-01D4E61D5709}.Debug|ARM.Build.0 = Debug|ARM
		{A5A1AECE-5AA3-4041-9B98-01D4E61D5709}.Debug|ARM.Deploy.0 = Debug|ARM
		{A5A1AECE-5AA3-4041-9B98-01D4E61D5709}.Debug|ARM64.ActiveCfg = Debug|ARM64
		{A5A1AECE-5AA3-4041-9B98-01D4E61D5709}.Debug|ARM64.Build.0 = Debug|ARM64
		{A5A1AECE-5AA3-4041-9B98-01D4E61D5709}.Debug|ARM64.Deploy.0 = Debug|ARM64
		{A5A1AECE-5AA3-4041-9B98-01D4E61D5709}.Debug|x64.ActiveCfg = Debug|x64
		{A5A1AECE-5AA3-4041-9B98-01D4E61D5709}.Debug|x64.Build.0 = Debug|x64
		{A5A1AECE-5AA3-4041-9B98-01D4E61D5709}.Debug|x64.Deploy.0 = Debug|x64
		{A5A1AECE-5AA3-4041-9B98-01D4E61D5709}.Debug|x86.ActiveCfg = Debug|Win32
		{A5A1AECE-5AA3-4041-9B98-01D4E61D5709}.Debug|x86.Build.0 = Debug|Win32
		{A5A1AECE-5AA3-4041-9B98-01D4E61D5709}.Debug|x86.Deploy.0 = Debug|Win32
		{A5A1AECE-5AA3-4041-9B98-01D4E61D5709}.Release|ARM.ActiveCfg = Release|ARM
		{A5A1AECE-5AA3-4041-9B98-01D4E61D5709}.Release|ARM.Build.0 = Release|ARM
		{A5A1AECE-5AA3-4041-9B98-01D4E61D5709}.Release|ARM.Deploy.0 = Release|ARM
		{A5A1AECE-5AA3-4041-9B98-01D4E61D5709}.Release|ARM64.ActiveCfg = Release|ARM64
		{A5A1AECE-5AA3-4041-9B98-01D4E61D5709}.Release|ARM64.Build.0 = Release|ARM64
		{A5A1AECE-5AA3-4041-9B98-01D4E61D5709}.Release|ARM64.Deploy.0 = Release|ARM64
		{A5A1AECE-5AA3-4041-9B98-01D4E61D5709}.Release|x64.ActiveCfg = Release|x64
		{A5A1AECE-5AA3-4041-9B98-01D4E61D5709}.Release|x64.Build.0 = Release|x64
		{A5A1AECE-5AA3-4041-9B98-01D4E61D5709}.Release|x64.Deploy.0 = Release|x64
		{A5A1AECE-5AA3-4041-9B98-01D4E61D5709}.Release|x86.ActiveCfg = Release|Win32
		{A5A1AECE-5AA3-4041-9B98-01D4E61D5709}.Release|x86.Build.0 = Release|Win32
		{A5A1AECE-5AA3-4041-9B98-01D4E61D5709}.Release|x86.Deploy.0 = Release|Win32
		{E271B2AF-2C3B-4146-94CC-0CF6ED2108E6}.Debug|ARM.ActiveCfg = Debug|ARM
		{E271B2AF-2C3B-4146-94CC-0CF6ED2108E6}.Debug|ARM.Build.0 = Debug|ARM
		{E271B2AF-2C3B-4146-94CC-0CF6ED2108E6}.Debug|ARM.Deploy.0 = Debug|ARM
		{E271B2AF-2C3B-4146-94CC-0CF6ED2108E6}.Debug|ARM64.ActiveCfg = Debug|ARM64
		{E271B2AF-2C3B-4146-94CC-0CF6ED2108E6}.Debug|ARM64.Build.0 = Debug|ARM64
		{E271B2AF-2C3B-4146-94CC-0CF6ED2108E6}.Debug|ARM64.Deploy.0 = Debug|ARM64
		{E271B2AF-2C3B-4146-94CC-0CF6ED2108E6}.Debug|x64.ActiveCfg = Debug|x64
		{E271B2AF-2C3B-4146-94CC-0CF6ED2108E6}.Debug|x64.Build.0 = Debug|x64
		{E271B2AF-2C3B-4146-94CC-0CF6ED2108E6}.Debug|x64.Deploy.0 = Debug|x64
		{E271B2AF-2C3B-4146-94CC-0CF6ED2108E6}.Debug|x86.ActiveCfg = Debug|Win32
		{E271B2AF-2C3B-4146-94CC-0CF6ED2108E6}.Debug|x86.Build.0 = Debug|Win32
		{E271B2AF-2C3B-4146-94CC-0CF6ED2108E6}.Debug|x86.Deploy.0 = Debug|Win32
		{E271B2AF-2C3B-4146-94CC-0CF6ED2108E6}.Release|ARM.ActiveCfg = Release|ARM
		{E271B2AF-2C3B-4146-94CC-0CF6ED2108E6}.Release|ARM.Build.0 = Release|ARM
		{E271B2AF-2C3B-4146-94CC-0CF6ED2108E6}.Release|ARM.Deploy.0 = Release|ARM
		{E271B2AF-2C3B-4146-94CC-0CF6ED2108E6}.Release|ARM64.ActiveCfg = Release|ARM64
		{E271B2AF-2C3B-4146-94CC-0CF6ED2108E6}.Release|ARM64.Build.0 = Release|ARM64
		{E271B2AF-2C3B-4146-94CC-0CF6ED2108E6}.Release|ARM64.Deploy.0 = Release|ARM64
		{E271B2AF-2C3B-4146-94CC-0CF6ED2108E6}.Release|x64.ActiveCfg = Release|x64
		{E271B2AF-2C3B-4146-94CC-0CF6ED2108E6}.Release|x64.Build.0 = Release|x64
		{E271B2AF-2C3B-4146-94CC-0CF6ED2108E6}.Release|x64.Deploy.0 = Release|x64
		{E271B2AF-2C3B-4146-94CC-0CF6ED2108E6}.Release|x86.ActiveCfg = Release|Win32
		{E271B2AF-2C3B-4146-94CC-0CF6ED2108E6}.Release|x86.Build.0 = Release|Win32
		{E271B2AF-2C3B-4146-94CC-0CF6ED2108E6}.Release|x86.Deploy.0 = Release|Win32
	EndGlobalSection
	GlobalSection(SolutionProperties) = preSolution
		HideSolutionNode = FALSE
	EndGlobalSection
	GlobalSection(ExtensibilityGlobals) = postSolution
		SolutionGuid = {F31E94BB-20A2-49D2-85C3-10F1AE56C748}
	EndGlobalSection
EndGlobal
